schema: '2.0'
stages:
  data_ingestion:
    cmd: python src/data/data_ingestion.py
    deps:
    - path: src/data/data_ingestion.py
      hash: md5
      md5: bc11324a8c2d10c8a739fc54250cf6ab
      size: 3338
    params:
      params.yaml:
        data_ingestion.test_size: 0.25
    outs:
    - path: data/raw
      hash: md5
      md5: 4953d242f7d1c37eebb2fe349a579406.dir
      size: 634167
      nfiles: 2
  data_preprocessing:
    cmd: python src/data/data_preprocessing.py
    deps:
    - path: data/raw
      hash: md5
      md5: 4953d242f7d1c37eebb2fe349a579406.dir
      size: 634167
      nfiles: 2
    - path: src/data/data_preprocessing.py
      hash: md5
      md5: 3038f7727dd5a35a0af372eddcf652f0
      size: 3003
    outs:
    - path: data/interim
      hash: md5
      md5: 560b8a01110780f1e7f3c9ca5cace3f2.dir
      size: 391330
      nfiles: 2
  feature_engineering:
    cmd: python src/features/feature_engineering.py
    deps:
    - path: data/interim
      hash: md5
      md5: 560b8a01110780f1e7f3c9ca5cace3f2.dir
      size: 391330
      nfiles: 2
    - path: src/features/feature_engineering.py
      hash: md5
      md5: 21cf9598fdf1c8dc07476549712d9c2b
      size: 3510
    params:
      params.yaml:
        feature_engineering.max_features: 50
    outs:
    - path: data/processed
      hash: md5
      md5: 87da597618255458bc0bec036c422f28.dir
      size: 51890
      nfiles: 2
    - path: models/vectorizer.pkl
      hash: md5
      md5: 9649f2ae4c35759758d4925a5bc596dc
      size: 1862
  model_building:
    cmd: python src/model/model_building.py
    deps:
    - path: data/processed
      hash: md5
      md5: 87da597618255458bc0bec036c422f28.dir
      size: 51890
      nfiles: 2
    - path: src/model/model_building.py
      hash: md5
      md5: df0924d83bb39aa8fd0e8f1bc66be88e
      size: 1957
    outs:
    - path: models/model.pkl
      hash: md5
      md5: 600dc17c439d5392b5c2af4b81a9bfaa
      size: 1115
  model_evaluation:
    cmd: python src/model/model_evaluation.py
    deps:
    - path: models/model.pkl
      hash: md5
      md5: 600dc17c439d5392b5c2af4b81a9bfaa
      size: 1115
    - path: src/model/model_evaluation.py
      hash: md5
      md5: 64aa844e7a1d4cac72899488b07aa513
      size: 5826
    outs:
    - path: reports/experiment_info.json
      hash: md5
      md5: e0851706bb5ef0987ff2b6e97c7a6887
      size: 82
    - path: reports/metrics.json
      hash: md5
      md5: 2169b4a0f550b9a84e3e397c331f69ee
      size: 121
  model_registration:
    cmd: python src/model/register_model.py
    deps:
    - path: reports/experiment_info.json
      hash: md5
      md5: e0851706bb5ef0987ff2b6e97c7a6887
      size: 82
    - path: src/model/register_model.py
      hash: md5
      md5: 06a1406041901140c092a2d7d76d5111
      size: 1387
